{
  "name": "betterdiscordplugin-autoidleonafk",
  "version": "0.3.1",
  "lockfileVersion": 2,
  "requires": true,
  "packages": {
    "": {
      "name": "betterdiscordplugin-autoidleonafk",
      "version": "0.3.1",
      "license": "MIT",
      "dependencies": {
        "@types/bandagedbd__bdapi": "^0.3.4",
        "zerespluginlibrary": "^2.0.6"
      }
    },
    "node_modules/@types/bandagedbd__bdapi": {
      "version": "0.3.4",
      "resolved": "https://registry.npmjs.org/@types/bandagedbd__bdapi/-/bandagedbd__bdapi-0.3.4.tgz",
      "integrity": "sha512-u3uNGv3M3Js1BkBC/Puu0e6maadvbQLDI3ePYUY3tBjFCL/sQYDgu/HzYviL3YeMD7lW48ad+v296FXcjHBkQQ==",
      "dependencies": {
        "@types/lodash": "*",
        "@types/react": "*",
        "@types/react-dom": "*"
      }
    },
    "node_modules/@types/lodash": {
      "version": "4.14.186",
      "resolved": "https://registry.npmjs.org/@types/lodash/-/lodash-4.14.186.tgz",
      "integrity": "sha512-eHcVlLXP0c2FlMPm56ITode2AgLMSa6aJ05JTTbYbI+7EMkCEE5qk2E41d5g2lCVTqRe0GnnRFurmlCsDODrPw=="
    },
    "node_modules/@types/prop-types": {
      "version": "15.7.5",
      "resolved": "https://registry.npmjs.org/@types/prop-types/-/prop-types-15.7.5.tgz",
      "integrity": "sha512-JCB8C6SnDoQf0cNycqd/35A7MjcnK+ZTqE7judS6o7utxUCg6imJg3QK2qzHKszlTjcj2cn+NwMB2i96ubpj7w=="
    },
    "node_modules/@types/react": {
      "version": "18.0.24",
      "resolved": "https://registry.npmjs.org/@types/react/-/react-18.0.24.tgz",
      "integrity": "sha512-wRJWT6ouziGUy+9uX0aW4YOJxAY0bG6/AOk5AW5QSvZqI7dk6VBIbXvcVgIw/W5Jrl24f77df98GEKTJGOLx7Q==",
      "dependencies": {
        "@types/prop-types": "*",
        "@types/scheduler": "*",
        "csstype": "^3.0.2"
      }
    },
    "node_modules/@types/react-dom": {
      "version": "18.0.8",
      "resolved": "https://registry.npmjs.org/@types/react-dom/-/react-dom-18.0.8.tgz",
      "integrity": "sha512-C3GYO0HLaOkk9dDAz3Dl4sbe4AKUGTCfFIZsz3n/82dPNN8Du533HzKatDxeUYWu24wJgMP1xICqkWk1YOLOIw==",
      "dependencies": {
        "@types/react": "*"
      }
    },
    "node_modules/@types/scheduler": {
      "version": "0.16.2",
      "resolved": "https://registry.npmjs.org/@types/scheduler/-/scheduler-0.16.2.tgz",
      "integrity": "sha512-hppQEBDmlwhFAXKJX2KnWLYu5yMfi91yazPb2l+lbJiwW+wdo1gNeRA+3RgNSO39WYX2euey41KEwnqesU2Jew=="
    },
    "node_modules/csstype": {
      "version": "3.1.1",
      "resolved": "https://registry.npmjs.org/csstype/-/csstype-3.1.1.tgz",
      "integrity": "sha512-DJR/VvkAvSZW9bTouZue2sSxDwdTN92uHjqeKVm+0dAqdfNykRzQ95tay8aXMBAAPpUiq4Qcug2L7neoRh2Egw=="
    },
    "node_modules/zerespluginlibrary": {
      "version": "2.0.6",
      "resolved": "https://registry.npmjs.org/zerespluginlibrary/-/zerespluginlibrary-2.0.6.tgz",
      "integrity": "sha512-xFJGAKWWHVhCPCX6Qq1tsVJzOzTHRF7xnz2bu+3DKGaXsNCP7hPxy0LJ3mXtHLeSlH3v9ARZ0kzDs4cj5bCVnw==",
      "bin": {
        "zpl": "bin/zpl.js"
      }
    }
  },
  "dependencies": {
    "@types/bandagedbd__bdapi": {
      "version": "0.3.4",
      "resolved": "https://registry.npmjs.org/@types/bandagedbd__bdapi/-/bandagedbd__bdapi-0.3.4.tgz",
      "integrity": "sha512-u3uNGv3M3Js1BkBC/Puu0e6maadvbQLDI3ePYUY3tBjFCL/sQYDgu/HzYviL3YeMD7lW48ad+v296FXcjHBkQQ==",
      "requires": {
        "@types/lodash": "*",
        "@types/react": "*",
        "@types/react-dom": "*"
      }
    },
    "@types/lodash": {
      "version": "4.14.186",
      "resolved": "https://registry.npmjs.org/@types/lodash/-/lodash-4.14.186.tgz",
      "integrity": "sha512-eHcVlLXP0c2FlMPm56ITode2AgLMSa6aJ05JTTbYbI+7EMkCEE5qk2E41d5g2lCVTqRe0GnnRFurmlCsDODrPw=="
    },
    "@types/prop-types": {
      "version": "15.7.5",
      "resolved": "https://registry.npmjs.org/@types/prop-types/-/prop-types-15.7.5.tgz",
      "integrity": "sha512-JCB8C6SnDoQf0cNycqd/35A7MjcnK+ZTqE7judS6o7utxUCg6imJg3QK2qzHKszlTjcj2cn+NwMB2i96ubpj7w=="
    },
    "@types/react": {
      "version": "18.0.24",
      "resolved": "https://registry.npmjs.org/@types/react/-/react-18.0.24.tgz",
      "integrity": "sha512-wRJWT6ouziGUy+9uX0aW4YOJxAY0bG6/AOk5AW5QSvZqI7dk6VBIbXvcVgIw/W5Jrl24f77df98GEKTJGOLx7Q==",
      "requires": {
        "@types/prop-types": "*",
        "@types/scheduler": "*",
        "csstype": "^3.0.2"
      }
    },
    "@types/react-dom": {
      "version": "18.0.8",
      "resolved": "https://registry.npmjs.org/@types/react-dom/-/react-dom-18.0.8.tgz",
      "integrity": "sha512-C3GYO0HLaOkk9dDAz3Dl4sbe4AKUGTCfFIZsz3n/82dPNN8Du533HzKatDxeUYWu24wJgMP1xICqkWk1YOLOIw==",
      "requires": {
        "@types/react": "*"
      }
    },
    "@types/scheduler": {
      "version": "0.16.2",
      "resolved": "https://registry.npmjs.org/@types/scheduler/-/scheduler-0.16.2.tgz",
      "integrity": "sha512-hppQEBDmlwhFAXKJX2KnWLYu5yMfi91yazPb2l+lbJiwW+wdo1gNeRA+3RgNSO39WYX2euey41KEwnqesU2Jew=="
    },
    "csstype": {
      "version": "3.1.1",
      "resolved": "https://registry.npmjs.org/csstype/-/csstype-3.1.1.tgz",
      "integrity": "sha512-DJR/VvkAvSZW9bTouZue2sSxDwdTN92uHjqeKVm+0dAqdfNykRzQ95tay8aXMBAAPpUiq4Qcug2L7neoRh2Egw=="
    },
    "zerespluginlibrary": {
      "version": "2.0.6",
      "resolved": "https://registry.npmjs.org/zerespluginlibrary/-/zerespluginlibrary-2.0.6.tgz",
      "integrity": "sha512-xFJGAKWWHVhCPCX6Qq1tsVJzOzTHRF7xnz2bu+3DKGaXsNCP7hPxy0LJ3mXtHLeSlH3v9ARZ0kzDs4cj5bCVnw=="
    }
  }
}
