{
  "name": "betterdiscordplugin-autoidleonafk",
  "version": "0.4.0",
  "lockfileVersion": 3,
  "requires": true,
  "packages": {
    "": {
      "name": "betterdiscordplugin-autoidleonafk",
      "version": "0.4.0",
      "license": "MIT",
      "dependencies": {
        "@types/bandagedbd__bdapi": "^0.3.4",
        "zerespluginlibrary": "^2.0.6"
      }
    },
    "node_modules/@types/bandagedbd__bdapi": {
      "version": "0.3.4",
      "resolved": "https://registry.npmjs.org/@types/bandagedbd__bdapi/-/bandagedbd__bdapi-0.3.4.tgz",
      "integrity": "sha512-u3uNGv3M3Js1BkBC/Puu0e6maadvbQLDI3ePYUY3tBjFCL/sQYDgu/HzYviL3YeMD7lW48ad+v296FXcjHBkQQ==",
      "dependencies": {
        "@types/lodash": "*",
        "@types/react": "*",
        "@types/react-dom": "*"
      }
    },
    "node_modules/@types/lodash": {
      "version": "4.14.192",
      "resolved": "https://registry.npmjs.org/@types/lodash/-/lodash-4.14.192.tgz",
      "integrity": "sha512-km+Vyn3BYm5ytMO13k9KTp27O75rbQ0NFw+U//g+PX7VZyjCioXaRFisqSIJRECljcTv73G3i6BpglNGHgUQ5A=="
    },
    "node_modules/@types/prop-types": {
      "version": "15.7.5",
      "resolved": "https://registry.npmjs.org/@types/prop-types/-/prop-types-15.7.5.tgz",
      "integrity": "sha512-JCB8C6SnDoQf0cNycqd/35A7MjcnK+ZTqE7judS6o7utxUCg6imJg3QK2qzHKszlTjcj2cn+NwMB2i96ubpj7w=="
    },
    "node_modules/@types/react": {
      "version": "18.0.31",
      "resolved": "https://registry.npmjs.org/@types/react/-/react-18.0.31.tgz",
      "integrity": "sha512-EEG67of7DsvRDU6BLLI0p+k1GojDLz9+lZsnCpCRTa/lOokvyPBvp8S5x+A24hME3yyQuIipcP70KJ6H7Qupww==",
      "dependencies": {
        "@types/prop-types": "*",
        "@types/scheduler": "*",
        "csstype": "^3.0.2"
      }
    },
    "node_modules/@types/react-dom": {
      "version": "18.0.11",
      "resolved": "https://registry.npmjs.org/@types/react-dom/-/react-dom-18.0.11.tgz",
      "integrity": "sha512-O38bPbI2CWtgw/OoQoY+BRelw7uysmXbWvw3nLWO21H1HSh+GOlqPuXshJfjmpNlKiiSDG9cc1JZAaMmVdcTlw==",
      "dependencies": {
        "@types/react": "*"
      }
    },
    "node_modules/@types/scheduler": {
      "version": "0.16.3",
      "resolved": "https://registry.npmjs.org/@types/scheduler/-/scheduler-0.16.3.tgz",
      "integrity": "sha512-5cJ8CB4yAx7BH1oMvdU0Jh9lrEXyPkar6F9G/ERswkCuvP4KQZfZkSjcMbAICCpQTN4OuZn8tz0HiKv9TGZgrQ=="
    },
    "node_modules/csstype": {
      "version": "3.1.1",
      "resolved": "https://registry.npmjs.org/csstype/-/csstype-3.1.1.tgz",
      "integrity": "sha512-DJR/VvkAvSZW9bTouZue2sSxDwdTN92uHjqeKVm+0dAqdfNykRzQ95tay8aXMBAAPpUiq4Qcug2L7neoRh2Egw=="
    },
    "node_modules/zerespluginlibrary": {
      "version": "2.0.6",
      "resolved": "https://registry.npmjs.org/zerespluginlibrary/-/zerespluginlibrary-2.0.6.tgz",
      "integrity": "sha512-xFJGAKWWHVhCPCX6Qq1tsVJzOzTHRF7xnz2bu+3DKGaXsNCP7hPxy0LJ3mXtHLeSlH3v9ARZ0kzDs4cj5bCVnw==",
      "bin": {
        "zpl": "bin/zpl.js"
      }
    }
  }
}
